// !$*UTF8*$!
{
	archiveVersion = 1;
	classes = {
	};
	objectVersion = 48;
	objects = {

/* Begin PBXBuildFile section */
		3BBB01680987C9E483528A37 /* Pods_techHackTests.framework in Frameworks */ = {isa = PBXBuildFile; fileRef = F65552BAE09E152539F1F118 /* Pods_techHackTests.framework */; };
		5029B4FC1F98A6B30029DD00 /* Faild.storyboard in Resources */ = {isa = PBXBuildFile; fileRef = 5029B4FB1F98A6B30029DD00 /* Faild.storyboard */; };
		5029B4FE1F98C5C00029DD00 /* ResultViewController.swift in Sources */ = {isa = PBXBuildFile; fileRef = 5029B4FD1F98C5C00029DD00 /* ResultViewController.swift */; };
		5059DCF51F9A2F39009470BC /* TitleViewController.swift in Sources */ = {isa = PBXBuildFile; fileRef = 5059DCF41F9A2F39009470BC /* TitleViewController.swift */; };
		50EF0CBC1F98979200477EF9 /* APIRequest.swift in Sources */ = {isa = PBXBuildFile; fileRef = 50EF0CBB1F98979200477EF9 /* APIRequest.swift */; };
		50F90EEB1F982E3C00D67A28 /* AppDelegate.swift in Sources */ = {isa = PBXBuildFile; fileRef = 50F90EEA1F982E3C00D67A28 /* AppDelegate.swift */; };
		50F90EED1F982E3C00D67A28 /* MainViewController.swift in Sources */ = {isa = PBXBuildFile; fileRef = 50F90EEC1F982E3C00D67A28 /* MainViewController.swift */; };
		50F90EF21F982E3C00D67A28 /* Assets.xcassets in Resources */ = {isa = PBXBuildFile; fileRef = 50F90EF11F982E3C00D67A28 /* Assets.xcassets */; };
		50F90EF51F982E3C00D67A28 /* LaunchScreen.storyboard in Resources */ = {isa = PBXBuildFile; fileRef = 50F90EF31F982E3C00D67A28 /* LaunchScreen.storyboard */; };
		50F90F001F982E3D00D67A28 /* techHackTests.swift in Sources */ = {isa = PBXBuildFile; fileRef = 50F90EFF1F982E3D00D67A28 /* techHackTests.swift */; };
		50F90F0B1F982E3D00D67A28 /* techHackUITests.swift in Sources */ = {isa = PBXBuildFile; fileRef = 50F90F0A1F982E3D00D67A28 /* techHackUITests.swift */; };
		50F90F1B1F9830B000D67A28 /* Result.storyboard in Resources */ = {isa = PBXBuildFile; fileRef = 50F90F1A1F9830B000D67A28 /* Result.storyboard */; };
		50F90F211F98348000D67A28 /* AlphabetBase.swift in Sources */ = {isa = PBXBuildFile; fileRef = 50F90F201F98348000D67A28 /* AlphabetBase.swift */; };
		6DB1FDCA4F0B2CA80506E2EA /* Pods_techHackUITests.framework in Frameworks */ = {isa = PBXBuildFile; fileRef = 42CF5DAC1DA48959D9A90B19 /* Pods_techHackUITests.framework */; };
		775EB6B10DD622B211E798E7 /* Pods_techHack.framework in Frameworks */ = {isa = PBXBuildFile; fileRef = 6F93138E763DAD35B74F4AF9 /* Pods_techHack.framework */; };
/* End PBXBuildFile section */

/* Begin PBXContainerItemProxy section */
		50F90EFC1F982E3D00D67A28 /* PBXContainerItemProxy */ = {
			isa = PBXContainerItemProxy;
			containerPortal = 50F90EDF1F982E3C00D67A28 /* Project object */;
			proxyType = 1;
			remoteGlobalIDString = 50F90EE61F982E3C00D67A28;
			remoteInfo = techHack;
		};
		50F90F071F982E3D00D67A28 /* PBXContainerItemProxy */ = {
			isa = PBXContainerItemProxy;
			containerPortal = 50F90EDF1F982E3C00D67A28 /* Project object */;
			proxyType = 1;
			remoteGlobalIDString = 50F90EE61F982E3C00D67A28;
			remoteInfo = techHack;
		};
/* End PBXContainerItemProxy section */

/* Begin PBXFileReference section */
		42CF5DAC1DA48959D9A90B19 /* Pods_techHackUITests.framework */ = {isa = PBXFileReference; explicitFileType = wrapper.framework; includeInIndex = 0; path = Pods_techHackUITests.framework; sourceTree = BUILT_PRODUCTS_DIR; };
		5029B4FB1F98A6B30029DD00 /* Faild.storyboard */ = {isa = PBXFileReference; lastKnownFileType = file.storyboard; path = Faild.storyboard; sourceTree = "<group>"; };
		5029B4FD1F98C5C00029DD00 /* ResultViewController.swift */ = {isa = PBXFileReference; lastKnownFileType = sourcecode.swift; path = ResultViewController.swift; sourceTree = "<group>"; };
		5059DCF31F9A2DF2009470BC /* Main.storyboard */ = {isa = PBXFileReference; lastKnownFileType = file.storyboard; path = Main.storyboard; sourceTree = "<group>"; };
		5059DCF41F9A2F39009470BC /* TitleViewController.swift */ = {isa = PBXFileReference; lastKnownFileType = sourcecode.swift; path = TitleViewController.swift; sourceTree = "<group>"; };
		5059DCF61F9A2FED009470BC /* Title.storyboard */ = {isa = PBXFileReference; lastKnownFileType = file.storyboard; path = Title.storyboard; sourceTree = "<group>"; };
		50EF0CBB1F98979200477EF9 /* APIRequest.swift */ = {isa = PBXFileReference; lastKnownFileType = sourcecode.swift; path = APIRequest.swift; sourceTree = "<group>"; };
		50F90EE71F982E3C00D67A28 /* techHack.app */ = {isa = PBXFileReference; explicitFileType = wrapper.application; includeInIndex = 0; path = techHack.app; sourceTree = BUILT_PRODUCTS_DIR; };
		50F90EEA1F982E3C00D67A28 /* AppDelegate.swift */ = {isa = PBXFileReference; lastKnownFileType = sourcecode.swift; path = AppDelegate.swift; sourceTree = "<group>"; };
		50F90EEC1F982E3C00D67A28 /* MainViewController.swift */ = {isa = PBXFileReference; lastKnownFileType = sourcecode.swift; path = MainViewController.swift; sourceTree = "<group>"; };
		50F90EF11F982E3C00D67A28 /* Assets.xcassets */ = {isa = PBXFileReference; lastKnownFileType = folder.assetcatalog; path = Assets.xcassets; sourceTree = "<group>"; };
		50F90EF41F982E3C00D67A28 /* Base */ = {isa = PBXFileReference; lastKnownFileType = file.storyboard; name = Base; path = Base.lproj/LaunchScreen.storyboard; sourceTree = "<group>"; };
		50F90EF61F982E3C00D67A28 /* Info.plist */ = {isa = PBXFileReference; lastKnownFileType = text.plist.xml; path = Info.plist; sourceTree = "<group>"; };
		50F90EFB1F982E3D00D67A28 /* techHackTests.xctest */ = {isa = PBXFileReference; explicitFileType = wrapper.cfbundle; includeInIndex = 0; path = techHackTests.xctest; sourceTree = BUILT_PRODUCTS_DIR; };
		50F90EFF1F982E3D00D67A28 /* techHackTests.swift */ = {isa = PBXFileReference; lastKnownFileType = sourcecode.swift; path = techHackTests.swift; sourceTree = "<group>"; };
		50F90F011F982E3D00D67A28 /* Info.plist */ = {isa = PBXFileReference; lastKnownFileType = text.plist.xml; path = Info.plist; sourceTree = "<group>"; };
		50F90F061F982E3D00D67A28 /* techHackUITests.xctest */ = {isa = PBXFileReference; explicitFileType = wrapper.cfbundle; includeInIndex = 0; path = techHackUITests.xctest; sourceTree = BUILT_PRODUCTS_DIR; };
		50F90F0A1F982E3D00D67A28 /* techHackUITests.swift */ = {isa = PBXFileReference; lastKnownFileType = sourcecode.swift; path = techHackUITests.swift; sourceTree = "<group>"; };
		50F90F0C1F982E3D00D67A28 /* Info.plist */ = {isa = PBXFileReference; lastKnownFileType = text.plist.xml; path = Info.plist; sourceTree = "<group>"; };
		50F90F1A1F9830B000D67A28 /* Result.storyboard */ = {isa = PBXFileReference; lastKnownFileType = file.storyboard; path = Result.storyboard; sourceTree = "<group>"; };
		50F90F201F98348000D67A28 /* AlphabetBase.swift */ = {isa = PBXFileReference; lastKnownFileType = sourcecode.swift; path = AlphabetBase.swift; sourceTree = "<group>"; };
		6466C9A48179B0ACC8249F19 /* Pods-techHack.release.xcconfig */ = {isa = PBXFileReference; includeInIndex = 1; lastKnownFileType = text.xcconfig; name = "Pods-techHack.release.xcconfig"; path = "Pods/Target Support Files/Pods-techHack/Pods-techHack.release.xcconfig"; sourceTree = "<group>"; };
		6F93138E763DAD35B74F4AF9 /* Pods_techHack.framework */ = {isa = PBXFileReference; explicitFileType = wrapper.framework; includeInIndex = 0; path = Pods_techHack.framework; sourceTree = BUILT_PRODUCTS_DIR; };
		B93AC35FEC7ED975F003244B /* Pods-techHackUITests.release.xcconfig */ = {isa = PBXFileReference; includeInIndex = 1; lastKnownFileType = text.xcconfig; name = "Pods-techHackUITests.release.xcconfig"; path = "Pods/Target Support Files/Pods-techHackUITests/Pods-techHackUITests.release.xcconfig"; sourceTree = "<group>"; };
		C7867382062D5805DF80878D /* Pods-techHackTests.release.xcconfig */ = {isa = PBXFileReference; includeInIndex = 1; lastKnownFileType = text.xcconfig; name = "Pods-techHackTests.release.xcconfig"; path = "Pods/Target Support Files/Pods-techHackTests/Pods-techHackTests.release.xcconfig"; sourceTree = "<group>"; };
		E3A542097C869628F75CA32D /* Pods-techHackTests.debug.xcconfig */ = {isa = PBXFileReference; includeInIndex = 1; lastKnownFileType = text.xcconfig; name = "Pods-techHackTests.debug.xcconfig"; path = "Pods/Target Support Files/Pods-techHackTests/Pods-techHackTests.debug.xcconfig"; sourceTree = "<group>"; };
		E426C0510E7FC5E0C97A4F16 /* Pods-techHack.debug.xcconfig */ = {isa = PBXFileReference; includeInIndex = 1; lastKnownFileType = text.xcconfig; name = "Pods-techHack.debug.xcconfig"; path = "Pods/Target Support Files/Pods-techHack/Pods-techHack.debug.xcconfig"; sourceTree = "<group>"; };
		F65552BAE09E152539F1F118 /* Pods_techHackTests.framework */ = {isa = PBXFileReference; explicitFileType = wrapper.framework; includeInIndex = 0; path = Pods_techHackTests.framework; sourceTree = BUILT_PRODUCTS_DIR; };
		F95813CCE71108DA9D662269 /* Pods-techHackUITests.debug.xcconfig */ = {isa = PBXFileReference; includeInIndex = 1; lastKnownFileType = text.xcconfig; name = "Pods-techHackUITests.debug.xcconfig"; path = "Pods/Target Support Files/Pods-techHackUITests/Pods-techHackUITests.debug.xcconfig"; sourceTree = "<group>"; };
/* End PBXFileReference section */

/* Begin PBXFrameworksBuildPhase section */
		50F90EE41F982E3C00D67A28 /* Frameworks */ = {
			isa = PBXFrameworksBuildPhase;
			buildActionMask = 2147483647;
			files = (
				775EB6B10DD622B211E798E7 /* Pods_techHack.framework in Frameworks */,
			);
			runOnlyForDeploymentPostprocessing = 0;
		};
		50F90EF81F982E3D00D67A28 /* Frameworks */ = {
			isa = PBXFrameworksBuildPhase;
			buildActionMask = 2147483647;
			files = (
				3BBB01680987C9E483528A37 /* Pods_techHackTests.framework in Frameworks */,
			);
			runOnlyForDeploymentPostprocessing = 0;
		};
		50F90F031F982E3D00D67A28 /* Frameworks */ = {
			isa = PBXFrameworksBuildPhase;
			buildActionMask = 2147483647;
			files = (
				6DB1FDCA4F0B2CA80506E2EA /* Pods_techHackUITests.framework in Frameworks */,
			);
			runOnlyForDeploymentPostprocessing = 0;
		};
/* End PBXFrameworksBuildPhase section */

/* Begin PBXGroup section */
		50F90EDE1F982E3C00D67A28 = {
			isa = PBXGroup;
			children = (
				50F90EE91F982E3C00D67A28 /* techHack */,
				50F90EFE1F982E3D00D67A28 /* techHackTests */,
				50F90F091F982E3D00D67A28 /* techHackUITests */,
				50F90EE81F982E3C00D67A28 /* Products */,
				C2A09F61DD8FD2C949BD23EC /* Pods */,
				AABC6033961EA7256BF19776 /* Frameworks */,
			);
			sourceTree = "<group>";
		};
		50F90EE81F982E3C00D67A28 /* Products */ = {
			isa = PBXGroup;
			children = (
				50F90EE71F982E3C00D67A28 /* techHack.app */,
				50F90EFB1F982E3D00D67A28 /* techHackTests.xctest */,
				50F90F061F982E3D00D67A28 /* techHackUITests.xctest */,
			);
			name = Products;
			sourceTree = "<group>";
		};
		50F90EE91F982E3C00D67A28 /* techHack */ = {
			isa = PBXGroup;
			children = (
				50F90F1D1F9832E000D67A28 /* View */,
				50F90F1C1F9832C700D67A28 /* ViewController */,
				50F90EEA1F982E3C00D67A28 /* AppDelegate.swift */,
				50F90EF11F982E3C00D67A28 /* Assets.xcassets */,
				50F90EF61F982E3C00D67A28 /* Info.plist */,
				50F90F201F98348000D67A28 /* AlphabetBase.swift */,
			);
			path = techHack;
			sourceTree = "<group>";
		};
		50F90EFE1F982E3D00D67A28 /* techHackTests */ = {
			isa = PBXGroup;
			children = (
				50F90EFF1F982E3D00D67A28 /* techHackTests.swift */,
				50F90F011F982E3D00D67A28 /* Info.plist */,
			);
			path = techHackTests;
			sourceTree = "<group>";
		};
		50F90F091F982E3D00D67A28 /* techHackUITests */ = {
			isa = PBXGroup;
			children = (
				50F90F0A1F982E3D00D67A28 /* techHackUITests.swift */,
				50F90F0C1F982E3D00D67A28 /* Info.plist */,
			);
			path = techHackUITests;
			sourceTree = "<group>";
		};
		50F90F1C1F9832C700D67A28 /* ViewController */ = {
			isa = PBXGroup;
			children = (
				50EF0CBB1F98979200477EF9 /* APIRequest.swift */,
				50F90EEC1F982E3C00D67A28 /* MainViewController.swift */,
				5029B4FD1F98C5C00029DD00 /* ResultViewController.swift */,
				5059DCF41F9A2F39009470BC /* TitleViewController.swift */,
			);
			path = ViewController;
			sourceTree = "<group>";
		};
		50F90F1D1F9832E000D67A28 /* View */ = {
			isa = PBXGroup;
			children = (
				5059DCF31F9A2DF2009470BC /* Main.storyboard */,
				5059DCF61F9A2FED009470BC /* Title.storyboard */,
				5029B4FB1F98A6B30029DD00 /* Faild.storyboard */,
				50F90F1A1F9830B000D67A28 /* Result.storyboard */,
				50F90EF31F982E3C00D67A28 /* LaunchScreen.storyboard */,
			);
			path = View;
			sourceTree = "<group>";
		};
		AABC6033961EA7256BF19776 /* Frameworks */ = {
			isa = PBXGroup;
			children = (
				6F93138E763DAD35B74F4AF9 /* Pods_techHack.framework */,
				F65552BAE09E152539F1F118 /* Pods_techHackTests.framework */,
				42CF5DAC1DA48959D9A90B19 /* Pods_techHackUITests.framework */,
			);
			name = Frameworks;
			sourceTree = "<group>";
		};
		C2A09F61DD8FD2C949BD23EC /* Pods */ = {
			isa = PBXGroup;
			children = (
				E426C0510E7FC5E0C97A4F16 /* Pods-techHack.debug.xcconfig */,
				6466C9A48179B0ACC8249F19 /* Pods-techHack.release.xcconfig */,
				E3A542097C869628F75CA32D /* Pods-techHackTests.debug.xcconfig */,
				C7867382062D5805DF80878D /* Pods-techHackTests.release.xcconfig */,
				F95813CCE71108DA9D662269 /* Pods-techHackUITests.debug.xcconfig */,
				B93AC35FEC7ED975F003244B /* Pods-techHackUITests.release.xcconfig */,
			);
			name = Pods;
			sourceTree = "<group>";
		};
/* End PBXGroup section */

/* Begin PBXNativeTarget section */
		50F90EE61F982E3C00D67A28 /* techHack */ = {
			isa = PBXNativeTarget;
			buildConfigurationList = 50F90F0F1F982E3D00D67A28 /* Build configuration list for PBXNativeTarget "techHack" */;
			buildPhases = (
				F2512D6A65FE93D8D748F65F /* [CP] Check Pods Manifest.lock */,
				50F90EE31F982E3C00D67A28 /* Sources */,
				50F90EE41F982E3C00D67A28 /* Frameworks */,
				50F90EE51F982E3C00D67A28 /* Resources */,
				736309AB9184886449110AD6 /* [CP] Embed Pods Frameworks */,
				C295AE699A0CF84B8CE6E736 /* [CP] Copy Pods Resources */,
			);
			buildRules = (
			);
			dependencies = (
			);
			name = techHack;
			productName = techHack;
			productReference = 50F90EE71F982E3C00D67A28 /* techHack.app */;
			productType = "com.apple.product-type.application";
		};
		50F90EFA1F982E3D00D67A28 /* techHackTests */ = {
			isa = PBXNativeTarget;
			buildConfigurationList = 50F90F121F982E3D00D67A28 /* Build configuration list for PBXNativeTarget "techHackTests" */;
			buildPhases = (
				EC067A4A3018A20FB2973264 /* [CP] Check Pods Manifest.lock */,
				50F90EF71F982E3D00D67A28 /* Sources */,
				50F90EF81F982E3D00D67A28 /* Frameworks */,
				50F90EF91F982E3D00D67A28 /* Resources */,
				F25B67D6BEF97B124A631B1D /* [CP] Embed Pods Frameworks */,
				3FFE78D14E3F5FA44DBA8AC5 /* [CP] Copy Pods Resources */,
			);
			buildRules = (
			);
			dependencies = (
				50F90EFD1F982E3D00D67A28 /* PBXTargetDependency */,
			);
			name = techHackTests;
			productName = techHackTests;
			productReference = 50F90EFB1F982E3D00D67A28 /* techHackTests.xctest */;
			productType = "com.apple.product-type.bundle.unit-test";
		};
		50F90F051F982E3D00D67A28 /* techHackUITests */ = {
			isa = PBXNativeTarget;
			buildConfigurationList = 50F90F151F982E3D00D67A28 /* Build configuration list for PBXNativeTarget "techHackUITests" */;
			buildPhases = (
				BDFD998DEA77C3F74EE67E14 /* [CP] Check Pods Manifest.lock */,
				50F90F021F982E3D00D67A28 /* Sources */,
				50F90F031F982E3D00D67A28 /* Frameworks */,
				50F90F041F982E3D00D67A28 /* Resources */,
				75E48589C034BDD6E87B5E18 /* [CP] Embed Pods Frameworks */,
				CB0E2DB7339289B899754F5A /* [CP] Copy Pods Resources */,
			);
			buildRules = (
			);
			dependencies = (
				50F90F081F982E3D00D67A28 /* PBXTargetDependency */,
			);
			name = techHackUITests;
			productName = techHackUITests;
			productReference = 50F90F061F982E3D00D67A28 /* techHackUITests.xctest */;
			productType = "com.apple.product-type.bundle.ui-testing";
		};
/* End PBXNativeTarget section */

/* Begin PBXProject section */
		50F90EDF1F982E3C00D67A28 /* Project object */ = {
			isa = PBXProject;
			attributes = {
				LastSwiftUpdateCheck = 0900;
				LastUpgradeCheck = 0900;
				ORGANIZATIONNAME = "Yuichiro Tsuji";
				TargetAttributes = {
					50F90EE61F982E3C00D67A28 = {
						CreatedOnToolsVersion = 9.0;
						ProvisioningStyle = Automatic;
					};
					50F90EFA1F982E3D00D67A28 = {
						CreatedOnToolsVersion = 9.0;
						ProvisioningStyle = Automatic;
						TestTargetID = 50F90EE61F982E3C00D67A28;
					};
					50F90F051F982E3D00D67A28 = {
						CreatedOnToolsVersion = 9.0;
						ProvisioningStyle = Automatic;
						TestTargetID = 50F90EE61F982E3C00D67A28;
					};
				};
			};
			buildConfigurationList = 50F90EE21F982E3C00D67A28 /* Build configuration list for PBXProject "techHack" */;
			compatibilityVersion = "Xcode 8.0";
			developmentRegion = en;
			hasScannedForEncodings = 0;
			knownRegions = (
				en,
				Base,
			);
			mainGroup = 50F90EDE1F982E3C00D67A28;
			productRefGroup = 50F90EE81F982E3C00D67A28 /* Products */;
			projectDirPath = "";
			projectRoot = "";
			targets = (
				50F90EE61F982E3C00D67A28 /* techHack */,
				50F90EFA1F982E3D00D67A28 /* techHackTests */,
				50F90F051F982E3D00D67A28 /* techHackUITests */,
			);
		};
/* End PBXProject section */

/* Begin PBXResourcesBuildPhase section */
		50F90EE51F982E3C00D67A28 /* Resources */ = {
			isa = PBXResourcesBuildPhase;
			buildActionMask = 2147483647;
			files = (
				50F90F1B1F9830B000D67A28 /* Result.storyboard in Resources */,
				5029B4FC1F98A6B30029DD00 /* Faild.storyboard in Resources */,
				50F90EF51F982E3C00D67A28 /* LaunchScreen.storyboard in Resources */,
				50F90EF21F982E3C00D67A28 /* Assets.xcassets in Resources */,
			);
			runOnlyForDeploymentPostprocessing = 0;
		};
		50F90EF91F982E3D00D67A28 /* Resources */ = {
			isa = PBXResourcesBuildPhase;
			buildActionMask = 2147483647;
			files = (
			);
			runOnlyForDeploymentPostprocessing = 0;
		};
		50F90F041F982E3D00D67A28 /* Resources */ = {
			isa = PBXResourcesBuildPhase;
			buildActionMask = 2147483647;
			files = (
			);
			runOnlyForDeploymentPostprocessing = 0;
		};
/* End PBXResourcesBuildPhase section */

/* Begin PBXShellScriptBuildPhase section */
		3FFE78D14E3F5FA44DBA8AC5 /* [CP] Copy Pods Resources */ = {
			isa = PBXShellScriptBuildPhase;
			buildActionMask = 2147483647;
			files = (
			);
			inputPaths = (
			);
			name = "[CP] Copy Pods Resources";
			outputPaths = (
			);
			runOnlyForDeploymentPostprocessing = 0;
			shellPath = /bin/sh;
			shellScript = "\"${SRCROOT}/Pods/Target Support Files/Pods-techHackTests/Pods-techHackTests-resources.sh\"\n";
			showEnvVarsInLog = 0;
		};
		736309AB9184886449110AD6 /* [CP] Embed Pods Frameworks */ = {
			isa = PBXShellScriptBuildPhase;
			buildActionMask = 2147483647;
			files = (
			);
			inputPaths = (
			);
			name = "[CP] Embed Pods Frameworks";
			outputPaths = (
			);
			runOnlyForDeploymentPostprocessing = 0;
			shellPath = /bin/sh;
			shellScript = "\"${SRCROOT}/Pods/Target Support Files/Pods-techHack/Pods-techHack-frameworks.sh\"\n";
			showEnvVarsInLog = 0;
		};
		75E48589C034BDD6E87B5E18 /* [CP] Embed Pods Frameworks */ = {
			isa = PBXShellScriptBuildPhase;
			buildActionMask = 2147483647;
			files = (
			);
			inputPaths = (
			);
			name = "[CP] Embed Pods Frameworks";
			outputPaths = (
			);
			runOnlyForDeploymentPostprocessing = 0;
			shellPath = /bin/sh;
			shellScript = "\"${SRCROOT}/Pods/Target Support Files/Pods-techHackUITests/Pods-techHackUITests-frameworks.sh\"\n";
			showEnvVarsInLog = 0;
		};
		BDFD998DEA77C3F74EE67E14 /* [CP] Check Pods Manifest.lock */ = {
			isa = PBXShellScriptBuildPhase;
			buildActionMask = 2147483647;
			files = (
			);
			inputPaths = (
			);
			name = "[CP] Check Pods Manifest.lock";
			outputPaths = (
			);
			runOnlyForDeploymentPostprocessing = 0;
			shellPath = /bin/sh;
			shellScript = "diff \"${PODS_PODFILE_DIR_PATH}/Podfile.lock\" \"${PODS_ROOT}/Manifest.lock\" > /dev/null\nif [ $? != 0 ] ; then\n    # print error to STDERR\n    echo \"error: The sandbox is not in sync with the Podfile.lock. Run 'pod install' or update your CocoaPods installation.\" >&2\n    exit 1\nfi\n";
			showEnvVarsInLog = 0;
		};
		C295AE699A0CF84B8CE6E736 /* [CP] Copy Pods Resources */ = {
			isa = PBXShellScriptBuildPhase;
			buildActionMask = 2147483647;
			files = (
			);
			inputPaths = (
			);
			name = "[CP] Copy Pods Resources";
			outputPaths = (
			);
			runOnlyForDeploymentPostprocessing = 0;
			shellPath = /bin/sh;
			shellScript = "\"${SRCROOT}/Pods/Target Support Files/Pods-techHack/Pods-techHack-resources.sh\"\n";
			showEnvVarsInLog = 0;
		};
		CB0E2DB7339289B899754F5A /* [CP] Copy Pods Resources */ = {
			isa = PBXShellScriptBuildPhase;
			buildActionMask = 2147483647;
			files = (
			);
			inputPaths = (
			);
			name = "[CP] Copy Pods Resources";
			outputPaths = (
			);
			runOnlyForDeploymentPostprocessing = 0;
			shellPath = /bin/sh;
			shellScript = "\"${SRCROOT}/Pods/Target Support Files/Pods-techHackUITests/Pods-techHackUITests-resources.sh\"\n";
			showEnvVarsInLog = 0;
		};
		EC067A4A3018A20FB2973264 /* [CP] Check Pods Manifest.lock */ = {
			isa = PBXShellScriptBuildPhase;
			buildActionMask = 2147483647;
			files = (
			);
			inputPaths = (
			);
			name = "[CP] Check Pods Manifest.lock";
			outputPaths = (
			);
			runOnlyForDeploymentPostprocessing = 0;
			shellPath = /bin/sh;
			shellScript = "diff \"${PODS_PODFILE_DIR_PATH}/Podfile.lock\" \"${PODS_ROOT}/Manifest.lock\" > /dev/null\nif [ $? != 0 ] ; then\n    # print error to STDERR\n    echo \"error: The sandbox is not in sync with the Podfile.lock. Run 'pod install' or update your CocoaPods installation.\" >&2\n    exit 1\nfi\n";
			showEnvVarsInLog = 0;
		};
		F2512D6A65FE93D8D748F65F /* [CP] Check Pods Manifest.lock */ = {
			isa = PBXShellScriptBuildPhase;
			buildActionMask = 2147483647;
			files = (
			);
			inputPaths = (
			);
			name = "[CP] Check Pods Manifest.lock";
			outputPaths = (
			);
			runOnlyForDeploymentPostprocessing = 0;
			shellPath = /bin/sh;
			shellScript = "diff \"${PODS_PODFILE_DIR_PATH}/Podfile.lock\" \"${PODS_ROOT}/Manifest.lock\" > /dev/null\nif [ $? != 0 ] ; then\n    # print error to STDERR\n    echo \"error: The sandbox is not in sync with the Podfile.lock. Run 'pod install' or update your CocoaPods installation.\" >&2\n    exit 1\nfi\n";
			showEnvVarsInLog = 0;
		};
		F25B67D6BEF97B124A631B1D /* [CP] Embed Pods Frameworks */ = {
			isa = PBXShellScriptBuildPhase;
			buildActionMask = 2147483647;
			files = (
			);
			inputPaths = (
			);
			name = "[CP] Embed Pods Frameworks";
			outputPaths = (
			);
			runOnlyForDeploymentPostprocessing = 0;
			shellPath = /bin/sh;
			shellScript = "\"${SRCROOT}/Pods/Target Support Files/Pods-techHackTests/Pods-techHackTests-frameworks.sh\"\n";
			showEnvVarsInLog = 0;
		};
/* End PBXShellScriptBuildPhase section */

/* Begin PBXSourcesBuildPhase section */
		50F90EE31F982E3C00D67A28 /* Sources */ = {
			isa = PBXSourcesBuildPhase;
			buildActionMask = 2147483647;
			files = (
				50F90EED1F982E3C00D67A28 /* MainViewController.swift in Sources */,
				50F90F211F98348000D67A28 /* AlphabetBase.swift in Sources */,
				50EF0CBC1F98979200477EF9 /* APIRequest.swift in Sources */,
				50F90EEB1F982E3C00D67A28 /* AppDelegate.swift in Sources */,
				5029B4FE1F98C5C00029DD00 /* ResultViewController.swift in Sources */,
				5059DCF51F9A2F39009470BC /* TitleViewController.swift in Sources */,
			);
			runOnlyForDeploymentPostprocessing = 0;
		};
		50F90EF71F982E3D00D67A28 /* Sources */ = {
			isa = PBXSourcesBuildPhase;
			buildActionMask = 2147483647;
			files = (
				50F90F001F982E3D00D67A28 /* techHackTests.swift in Sources */,
			);
			runOnlyForDeploymentPostprocessing = 0;
		};
		50F90F021F982E3D00D67A28 /* Sources */ = {
			isa = PBXSourcesBuildPhase;
			buildActionMask = 2147483647;
			files = (
				50F90F0B1F982E3D00D67A28 /* techHackUITests.swift in Sources */,
			);
			runOnlyForDeploymentPostprocessing = 0;
		};
/* End PBXSourcesBuildPhase section */

/* Begin PBXTargetDependency section */
		50F90EFD1F982E3D00D67A28 /* PBXTargetDependency */ = {
			isa = PBXTargetDependency;
			target = 50F90EE61F982E3C00D67A28 /* techHack */;
			targetProxy = 50F90EFC1F982E3D00D67A28 /* PBXContainerItemProxy */;
		};
		50F90F081F982E3D00D67A28 /* PBXTargetDependency */ = {
			isa = PBXTargetDependency;
			target = 50F90EE61F982E3C00D67A28 /* techHack */;
			targetProxy = 50F90F071F982E3D00D67A28 /* PBXContainerItemProxy */;
		};
/* End PBXTargetDependency section */

/* Begin PBXVariantGroup section */
		50F90EF31F982E3C00D67A28 /* LaunchScreen.storyboard */ = {
			isa = PBXVariantGroup;
			children = (
				50F90EF41F982E3C00D67A28 /* Base */,
			);
			name = LaunchScreen.storyboard;
			sourceTree = "<group>";
		};
/* End PBXVariantGroup section */

/* Begin XCBuildConfiguration section */
		50F90F0D1F982E3D00D67A28 /* Debug */ = {
			isa = XCBuildConfiguration;
			buildSettings = {
				ALWAYS_SEARCH_USER_PATHS = NO;
				CLANG_ANALYZER_NONNULL = YES;
				CLANG_ANALYZER_NUMBER_OBJECT_CONVERSION = YES_AGGRESSIVE;
				CLANG_CXX_LANGUAGE_STANDARD = "gnu++14";
				CLANG_CXX_LIBRARY = "libc++";
				CLANG_ENABLE_MODULES = YES;
				CLANG_ENABLE_OBJC_ARC = YES;
				CLANG_WARN_BLOCK_CAPTURE_AUTORELEASING = YES;
				CLANG_WARN_BOOL_CONVERSION = YES;
				CLANG_WARN_COMMA = YES;
				CLANG_WARN_CONSTANT_CONVERSION = YES;
				CLANG_WARN_DIRECT_OBJC_ISA_USAGE = YES_ERROR;
				CLANG_WARN_DOCUMENTATION_COMMENTS = YES;
				CLANG_WARN_EMPTY_BODY = YES;
				CLANG_WARN_ENUM_CONVERSION = YES;
				CLANG_WARN_INFINITE_RECURSION = YES;
				CLANG_WARN_INT_CONVERSION = YES;
				CLANG_WARN_NON_LITERAL_NULL_CONVERSION = YES;
				CLANG_WARN_OBJC_LITERAL_CONVERSION = YES;
				CLANG_WARN_OBJC_ROOT_CLASS = YES_ERROR;
				CLANG_WARN_RANGE_LOOP_ANALYSIS = YES;
				CLANG_WARN_STRICT_PROTOTYPES = YES;
				CLANG_WARN_SUSPICIOUS_MOVE = YES;
				CLANG_WARN_UNGUARDED_AVAILABILITY = YES_AGGRESSIVE;
				CLANG_WARN_UNREACHABLE_CODE = YES;
				CLANG_WARN__DUPLICATE_METHOD_MATCH = YES;
				CODE_SIGN_IDENTITY = "iPhone Developer";
				COPY_PHASE_STRIP = NO;
				DEBUG_INFORMATION_FORMAT = dwarf;
				ENABLE_STRICT_OBJC_MSGSEND = YES;
				ENABLE_TESTABILITY = YES;
				GCC_C_LANGUAGE_STANDARD = gnu11;
				GCC_DYNAMIC_NO_PIC = NO;
				GCC_NO_COMMON_BLOCKS = YES;
				GCC_OPTIMIZATION_LEVEL = 0;
				GCC_PREPROCESSOR_DEFINITIONS = (
					"DEBUG=1",
					"$(inherited)",
				);
				GCC_WARN_64_TO_32_BIT_CONVERSION = YES;
				GCC_WARN_ABOUT_RETURN_TYPE = YES_ERROR;
				GCC_WARN_UNDECLARED_SELECTOR = YES;
				GCC_WARN_UNINITIALIZED_AUTOS = YES_AGGRESSIVE;
				GCC_WARN_UNUSED_FUNCTION = YES;
				GCC_WARN_UNUSED_VARIABLE = YES;
				IPHONEOS_DEPLOYMENT_TARGET = 11.0;
				MTL_ENABLE_DEBUG_INFO = YES;
				ONLY_ACTIVE_ARCH = YES;
				SDKROOT = iphoneos;
				SWIFT_ACTIVE_COMPILATION_CONDITIONS = DEBUG;
				SWIFT_OPTIMIZATION_LEVEL = "-Onone";
			};
			name = Debug;
		};
		50F90F0E1F982E3D00D67A28 /* Release */ = {
			isa = XCBuildConfiguration;
			buildSettings = {
				ALWAYS_SEARCH_USER_PATHS = NO;
				CLANG_ANALYZER_NONNULL = YES;
				CLANG_ANALYZER_NUMBER_OBJECT_CONVERSION = YES_AGGRESSIVE;
				CLANG_CXX_LANGUAGE_STANDARD = "gnu++14";
				CLANG_CXX_LIBRARY = "libc++";
				CLANG_ENABLE_MODULES = YES;
				CLANG_ENABLE_OBJC_ARC = YES;
				CLANG_WARN_BLOCK_CAPTURE_AUTORELEASING = YES;
				CLANG_WARN_BOOL_CONVERSION = YES;
				CLANG_WARN_COMMA = YES;
				CLANG_WARN_CONSTANT_CONVERSION = YES;
				CLANG_WARN_DIRECT_OBJC_ISA_USAGE = YES_ERROR;
				CLANG_WARN_DOCUMENTATION_COMMENTS = YES;
				CLANG_WARN_EMPTY_BODY = YES;
				CLANG_WARN_ENUM_CONVERSION = YES;
				CLANG_WARN_INFINITE_RECURSION = YES;
				CLANG_WARN_INT_CONVERSION = YES;
				CLANG_WARN_NON_LITERAL_NULL_CONVERSION = YES;
				CLANG_WARN_OBJC_LITERAL_CONVERSION = YES;
				CLANG_WARN_OBJC_ROOT_CLASS = YES_ERROR;
				CLANG_WARN_RANGE_LOOP_ANALYSIS = YES;
				CLANG_WARN_STRICT_PROTOTYPES = YES;
				CLANG_WARN_SUSPICIOUS_MOVE = YES;
				CLANG_WARN_UNGUARDED_AVAILABILITY = YES_AGGRESSIVE;
				CLANG_WARN_UNREACHABLE_CODE = YES;
				CLANG_WARN__DUPLICATE_METHOD_MATCH = YES;
				CODE_SIGN_IDENTITY = "iPhone Developer";
				COPY_PHASE_STRIP = NO;
				DEBUG_INFORMATION_FORMAT = "dwarf-with-dsym";
				ENABLE_NS_ASSERTIONS = NO;
				ENABLE_STRICT_OBJC_MSGSEND = YES;
				GCC_C_LANGUAGE_STANDARD = gnu11;
				GCC_NO_COMMON_BLOCKS = YES;
				GCC_WARN_64_TO_32_BIT_CONVERSION = YES;
				GCC_WARN_ABOUT_RETURN_TYPE = YES_ERROR;
				GCC_WARN_UNDECLARED_SELECTOR = YES;
				GCC_WARN_UNINITIALIZED_AUTOS = YES_AGGRESSIVE;
				GCC_WARN_UNUSED_FUNCTION = YES;
				GCC_WARN_UNUSED_VARIABLE = YES;
				IPHONEOS_DEPLOYMENT_TARGET = 11.0;
				MTL_ENABLE_DEBUG_INFO = NO;
				SDKROOT = iphoneos;
				SWIFT_OPTIMIZATION_LEVEL = "-Owholemodule";
				VALIDATE_PRODUCT = YES;
			};
			name = Release;
		};
		50F90F101F982E3D00D67A28 /* Debug */ = {
			isa = XCBuildConfiguration;
			baseConfigurationReference = E426C0510E7FC5E0C97A4F16 /* Pods-techHack.debug.xcconfig */;
			buildSettings = {
				ASSETCATALOG_COMPILER_APPICON_NAME = AppIcon;
				CODE_SIGN_STYLE = Automatic;
				INFOPLIST_FILE = techHack/Info.plist;
				LD_RUNPATH_SEARCH_PATHS = "$(inherited) @executable_path/Frameworks";
				PRODUCT_BUNDLE_IDENTIFIER = com.swift.techHack;
				PRODUCT_NAME = "$(TARGET_NAME)";
				SWIFT_VERSION = 3.0;
				TARGETED_DEVICE_FAMILY = "1,2";
			};
			name = Debug;
		};
		50F90F111F982E3D00D67A28 /* Release */ = {
			isa = XCBuildConfiguration;
			baseConfigurationReference = 6466C9A48179B0ACC8249F19 /* Pods-techHack.release.xcconfig */;
			buildSettings = {
				ASSETCATALOG_COMPILER_APPICON_NAME = AppIcon;
				CODE_SIGN_STYLE = Automatic;
				INFOPLIST_FILE = techHack/Info.plist;
				LD_RUNPATH_SEARCH_PATHS = "$(inherited) @executable_path/Frameworks";
				PRODUCT_BUNDLE_IDENTIFIER = com.swift.techHack;
				PRODUCT_NAME = "$(TARGET_NAME)";
				SWIFT_VERSION = 3.0;
				TARGETED_DEVICE_FAMILY = "1,2";
			};
			name = Release;
		};
		50F90F131F982E3D00D67A28 /* Debug */ = {
			isa = XCBuildConfiguration;
			baseConfigurationReference = E3A542097C869628F75CA32D /* Pods-techHackTests.debug.xcconfig */;
			buildSettings = {
				ALWAYS_EMBED_SWIFT_STANDARD_LIBRARIES = YES;
				BUNDLE_LOADER = "$(TEST_HOST)";
				CODE_SIGN_STYLE = Automatic;
				INFOPLIST_FILE = techHackTests/Info.plist;
				LD_RUNPATH_SEARCH_PATHS = "$(inherited) @executable_path/Frameworks @loader_path/Frameworks";
				PRODUCT_BUNDLE_IDENTIFIER = com.swift.techHackTests;
				PRODUCT_NAME = "$(TARGET_NAME)";
				SWIFT_VERSION = 4.0;
				TARGETED_DEVICE_FAMILY = "1,2";
				TEST_HOST = "$(BUILT_PRODUCTS_DIR)/techHack.app/techHack";
			};
			name = Debug;
		};
		50F90F141F982E3D00D67A28 /* Release */ = {
			isa = XCBuildConfiguration;
			baseConfigurationReference = C7867382062D5805DF80878D /* Pods-techHackTests.release.xcconfig */;
			buildSettings = {
				ALWAYS_EMBED_SWIFT_STANDARD_LIBRARIES = YES;
				BUNDLE_LOADER = "$(TEST_HOST)";
				CODE_SIGN_STYLE = Automatic;
				INFOPLIST_FILE = techHackTests/Info.plist;
				LD_RUNPATH_SEARCH_PATHS = "$(inherited) @executable_path/Frameworks @loader_path/Frameworks";
				PRODUCT_BUNDLE_IDENTIFIER = com.swift.techHackTests;
				PRODUCT_NAME = "$(TARGET_NAME)";
				SWIFT_VERSION = 4.0;
				TARGETED_DEVICE_FAMILY = "1,2";
				TEST_HOST = "$(BUILT_PRODUCTS_DIR)/techHack.app/techHack";
			};
			name = Release;
		};
		50F90F161F982E3D00D67A28 /* Debug */ = {
			isa = XCBuildConfiguration;
			baseConfigurationReference = F95813CCE71108DA9D662269 /* Pods-techHackUITests.debug.xcconfig */;
			buildSettings = {
				ALWAYS_EMBED_SWIFT_STANDARD_LIBRARIES = YES;
				CODE_SIGN_STYLE = Automatic;
				INFOPLIST_FILE = techHackUITests/Info.plist;
				LD_RUNPATH_SEARCH_PATHS = "$(inherited) @executable_path/Frameworks @loader_path/Frameworks";
				PRODUCT_BUNDLE_IDENTIFIER = com.swift.techHackUITests;
				PRODUCT_NAME = "$(TARGET_NAME)";
				SWIFT_VERSION = 4.0;
				TARGETED_DEVICE_FAMILY = "1,2";
				TEST_TARGET_NAME = techHack;
			};
			name = Debug;
		};
		50F90F171F982E3D00D67A28 /* Release */ = {
			isa = XCBuildConfiguration;
			baseConfigurationReference = B93AC35FEC7ED975F003244B /* Pods-techHackUITests.release.xcconfig */;
			buildSettings = {
				ALWAYS_EMBED_SWIFT_STANDARD_LIBRARIES = YES;
				CODE_SIGN_STYLE = Automatic;
				INFOPLIST_FILE = techHackUITests/Info.plist;
				LD_RUNPATH_SEARCH_PATHS = "$(inherited) @executable_path/Frameworks @loader_path/Frameworks";
				PRODUCT_BUNDLE_IDENTIFIER = com.swift.techHackUITests;
				PRODUCT_NAME = "$(TARGET_NAME)";
				SWIFT_VERSION = 4.0;
				TARGETED_DEVICE_FAMILY = "1,2";
				TEST_TARGET_NAME = techHack;
			};
			name = Release;
		};
/* End XCBuildConfiguration section */

/* Begin XCConfigurationList section */
		50F90EE21F982E3C00D67A28 /* Build configuration list for PBXProject "techHack" */ = {
			isa = XCConfigurationList;
			buildConfigurations = (
				50F90F0D1F982E3D00D67A28 /* Debug */,
				50F90F0E1F982E3D00D67A28 /* Release */,
			);
			defaultConfigurationIsVisible = 0;
			defaultConfigurationName = Release;
		};
		50F90F0F1F982E3D00D67A28 /* Build configuration list for PBXNativeTarget "techHack" */ = {
			isa = XCConfigurationList;
			buildConfigurations = (
				50F90F101F982E3D00D67A28 /* Debug */,
				50F90F111F982E3D00D67A28 /* Release */,
			);
			defaultConfigurationIsVisible = 0;
			defaultConfigurationName = Release;
		};
		50F90F121F982E3D00D67A28 /* Build configuration list for PBXNativeTarget "techHackTests" */ = {
			isa = XCConfigurationList;
			buildConfigurations = (
				50F90F131F982E3D00D67A28 /* Debug */,
				50F90F141F982E3D00D67A28 /* Release */,
			);
			defaultConfigurationIsVisible = 0;
			defaultConfigurationName = Release;
		};
		50F90F151F982E3D00D67A28 /* Build configuration list for PBXNativeTarget "techHackUITests" */ = {
			isa = XCConfigurationList;
			buildConfigurations = (
				50F90F161F982E3D00D67A28 /* Debug */,
				50F90F171F982E3D00D67A28 /* Release */,
			);
			defaultConfigurationIsVisible = 0;
			defaultConfigurationName = Release;
		};
/* End XCConfigurationList section */
	};
	rootObject = 50F90EDF1F982E3C00D67A28 /* Project object */;
}
